uuid: d8a40a75-26f2-4cc9-a654-ea0b75b164d8
langcode: en
status: true
dependencies:
  content:
    - 'block_content:basic:6e1c98bf-01c6-4265-94c3-be2f6b035b43'
  module:
    - block_content
    - system
    - user
  theme:
    - bartik
id: welcometomarronisblock
theme: bartik
region: sidebar_first
weight: -8
provider: null
plugin: 'block_content:6e1c98bf-01c6-4265-94c3-be2f6b035b43'
settings:
  id: 'block_content:6e1c98bf-01c6-4265-94c3-be2f6b035b43'
  label: 'welcome to marronisblock'
  provider: block_content
  label_display: visible
  status: true
  info: ''
  view_mode: full
visibility:
  request_path:
    id: request_path
    pages: '<front>'
    negate: false
  user_role:
    id: user_role
    roles:
      anonymous: anonymous
    negate: false
    context_mapping:
      user: '@user.current_user_context:current_user'
